{
  "version": 4,
  "terraform_version": "1.5.0",
  "serial": 26,
  "lineage": "6ae0f050-08ad-3d9f-ff68-4da74fae0e72",
  "outputs": {},
  "resources": [
    {
      "mode": "data",
      "type": "archive_file",
      "name": "reddit-consumer",
      "provider": "provider[\"registry.terraform.io/hashicorp/archive\"]",
      "instances": [
        {
          "schema_version": 0,
          "attributes": {
            "exclude_symlink_directories": null,
            "excludes": null,
            "id": "c95a51414f12162779eb63a47f5ece9c7627c63c",
            "output_base64sha256": "BVmROmg/SEHdkkNZ2SpjzWLzktaWKyCXbAzjl9k5z7c=",
            "output_base64sha512": "gxAyQVF6VbQ1emvzBUFtEyzDZHj/OMzUWGpWT56klrgPGWZfNQsjMhJo1EKqDnJiS4uvUN2OBaVuc8WOmspMXQ==",
            "output_file_mode": null,
            "output_md5": "eb927dcb425382eb5061250951b7e61c",
            "output_path": "./.terraform/archive_files/reddit-consumer-function.zip",
            "output_sha": "c95a51414f12162779eb63a47f5ece9c7627c63c",
            "output_sha256": "0559913a683f4841dd924359d92a63cd62f392d6962b20976c0ce397d939cfb7",
            "output_sha512": "83103241517a55b4357a6bf305416d132cc36478ff38ccd4586a564f9ea496b80f19665f350b23321268d442aa0e72624b8baf50dd8e05a56e73c58e9aca4c5d",
            "output_size": 1432,
            "source": [],
            "source_content": null,
            "source_content_filename": null,
            "source_dir": "reddit-consumer/",
            "source_file": null,
            "type": "zip"
          },
          "sensitive_attributes": []
        }
      ]
    },
    {
      "mode": "managed",
      "type": "aws_dynamodb_table",
      "name": "reddit-sentiment-db",
      "provider": "provider[\"registry.terraform.io/hashicorp/aws\"]",
      "instances": [
        {
          "schema_version": 1,
          "attributes": {
            "arn": "arn:aws:dynamodb:us-west-2:447400660620:table/reddit-sentiment",
            "attribute": [
              {
                "name": "date",
                "type": "S"
              }
            ],
            "billing_mode": "PROVISIONED",
            "deletion_protection_enabled": false,
            "global_secondary_index": [],
            "hash_key": "date",
            "id": "reddit-sentiment",
            "local_secondary_index": [],
            "name": "reddit-sentiment",
            "point_in_time_recovery": [
              {
                "enabled": false
              }
            ],
            "range_key": null,
            "read_capacity": 25,
            "replica": [],
            "restore_date_time": null,
            "restore_source_name": null,
            "restore_to_latest_time": null,
            "server_side_encryption": [],
            "stream_arn": "",
            "stream_enabled": false,
            "stream_label": "",
            "stream_view_type": "",
            "table_class": "STANDARD",
            "tags": {},
            "tags_all": {},
            "timeouts": null,
            "ttl": [
              {
                "attribute_name": "",
                "enabled": false
              }
            ],
            "write_capacity": 25
          },
          "sensitive_attributes": [],
          "private": "eyJlMmJmYjczMC1lY2FhLTExZTYtOGY4OC0zNDM2M2JjN2M0YzAiOnsiY3JlYXRlIjoxODAwMDAwMDAwMDAwLCJkZWxldGUiOjYwMDAwMDAwMDAwMCwidXBkYXRlIjozNjAwMDAwMDAwMDAwfSwic2NoZW1hX3ZlcnNpb24iOiIxIn0="
        }
      ]
    },
    {
      "mode": "managed",
      "type": "aws_iam_policy",
      "name": "reddit-consumer-policy",
      "provider": "provider[\"registry.terraform.io/hashicorp/aws\"]",
      "instances": [
        {
          "schema_version": 0,
          "attributes": {
            "arn": "arn:aws:iam::447400660620:policy/reddit-consumer-policy",
            "description": "",
            "id": "arn:aws:iam::447400660620:policy/reddit-consumer-policy",
            "name": "reddit-consumer-policy",
            "name_prefix": "",
            "path": "/",
            "policy": "{\"Statement\":[{\"Action\":[\"logs:CreateLogGroup\",\"logs:CreateLogStream\",\"logs:PutLogEvents\"],\"Effect\":\"Allow\",\"Resource\":[\"arn:aws:logs:*:*:*\"]},{\"Action\":[\"comprehend:DetectSentiment\"],\"Effect\":\"Allow\",\"Resource\":[\"*\"]},{\"Action\":[\"dynamodb:UpdateItem\"],\"Effect\":\"Allow\",\"Resource\":[\"arn:aws:dynamodb:us-west-2:447400660620:table/reddit-sentiment\"]}],\"Version\":\"2012-10-17\"}",
            "policy_id": "ANPAWQKZIJ2GAYOZX43HR",
            "tags": {},
            "tags_all": {}
          },
          "sensitive_attributes": [],
          "private": "bnVsbA==",
          "dependencies": [
            "aws_dynamodb_table.reddit-sentiment-db"
          ]
        }
      ]
    },
    {
      "mode": "managed",
      "type": "aws_iam_role",
      "name": "reddit-consumer-role",
      "provider": "provider[\"registry.terraform.io/hashicorp/aws\"]",
      "instances": [
        {
          "schema_version": 0,
          "attributes": {
            "arn": "arn:aws:iam::447400660620:role/reddit-consumer-role",
            "assume_role_policy": "{\"Statement\":[{\"Action\":\"sts:AssumeRole\",\"Effect\":\"Allow\",\"Principal\":{\"Service\":\"lambda.amazonaws.com\"}}],\"Version\":\"2012-10-17\"}",
            "create_date": "2023-06-22T17:35:17Z",
            "description": "",
            "force_detach_policies": false,
            "id": "reddit-consumer-role",
            "inline_policy": [],
            "managed_policy_arns": [
              "arn:aws:iam::447400660620:policy/reddit-consumer-policy"
            ],
            "max_session_duration": 3600,
            "name": "reddit-consumer-role",
            "name_prefix": "",
            "path": "/",
            "permissions_boundary": null,
            "tags": {},
            "tags_all": {},
            "unique_id": "AROAWQKZIJ2GDQKV4ECSZ"
          },
          "sensitive_attributes": [],
          "private": "bnVsbA=="
        }
      ]
    },
    {
      "mode": "managed",
      "type": "aws_iam_role_policy_attachment",
      "name": "reddit-consumer",
      "provider": "provider[\"registry.terraform.io/hashicorp/aws\"]",
      "instances": [
        {
          "schema_version": 0,
          "attributes": {
            "id": "reddit-consumer-role-20230622173518903800000001",
            "policy_arn": "arn:aws:iam::447400660620:policy/reddit-consumer-policy",
            "role": "reddit-consumer-role"
          },
          "sensitive_attributes": [],
          "private": "bnVsbA==",
          "dependencies": [
            "aws_dynamodb_table.reddit-sentiment-db",
            "aws_iam_policy.reddit-consumer-policy",
            "aws_iam_role.reddit-consumer-role"
          ]
        }
      ]
    },
    {
      "mode": "managed",
      "type": "aws_lambda_function",
      "name": "reddit-consumer",
      "provider": "provider[\"registry.terraform.io/hashicorp/aws\"]",
      "instances": [
        {
          "schema_version": 0,
          "attributes": {
            "architectures": [
              "x86_64"
            ],
            "arn": "arn:aws:lambda:us-west-2:447400660620:function:reddit-consumer",
            "code_signing_config_arn": "",
            "dead_letter_config": [],
            "description": "",
            "environment": [],
            "ephemeral_storage": [
              {
                "size": 512
              }
            ],
            "file_system_config": [],
            "filename": "./.terraform/archive_files/reddit-consumer-function.zip",
            "function_name": "reddit-consumer",
            "handler": "index.handler",
            "id": "reddit-consumer",
            "image_config": [],
            "image_uri": "",
            "invoke_arn": "arn:aws:apigateway:us-west-2:lambda:path/2015-03-31/functions/arn:aws:lambda:us-west-2:447400660620:function:reddit-consumer/invocations",
            "kms_key_arn": "",
            "last_modified": "2023-06-22T23:05:51.835+0000",
            "layers": [],
            "memory_size": 128,
            "package_type": "Zip",
            "publish": false,
            "qualified_arn": "arn:aws:lambda:us-west-2:447400660620:function:reddit-consumer:$LATEST",
            "qualified_invoke_arn": "arn:aws:apigateway:us-west-2:lambda:path/2015-03-31/functions/arn:aws:lambda:us-west-2:447400660620:function:reddit-consumer:$LATEST/invocations",
            "replace_security_groups_on_destroy": null,
            "replacement_security_group_ids": null,
            "reserved_concurrent_executions": -1,
            "role": "arn:aws:iam::447400660620:role/reddit-consumer-role",
            "runtime": "nodejs18.x",
            "s3_bucket": null,
            "s3_key": null,
            "s3_object_version": null,
            "signing_job_arn": "",
            "signing_profile_version_arn": "",
            "skip_destroy": false,
            "snap_start": [],
            "source_code_hash": "u9DNizUtXWMWJbQtJaplAgl5Ipe95D7KuNOL85/Ygms=",
            "source_code_size": 1014,
            "tags": {},
            "tags_all": {},
            "timeout": 3,
            "timeouts": null,
            "tracing_config": [
              {
                "mode": "PassThrough"
              }
            ],
            "version": "$LATEST",
            "vpc_config": []
          },
          "sensitive_attributes": [],
          "private": "eyJlMmJmYjczMC1lY2FhLTExZTYtOGY4OC0zNDM2M2JjN2M0YzAiOnsiY3JlYXRlIjo2MDAwMDAwMDAwMDAsImRlbGV0ZSI6NjAwMDAwMDAwMDAwLCJ1cGRhdGUiOjYwMDAwMDAwMDAwMH19",
          "dependencies": [
            "aws_iam_role.reddit-consumer-role"
          ]
        }
      ]
    },
    {
      "mode": "managed",
      "type": "null_resource",
      "name": "reddit-consumer",
      "provider": "provider[\"registry.terraform.io/hashicorp/null\"]",
      "instances": [
        {
          "schema_version": 0,
          "attributes": {
            "id": "3693781059512347545",
            "triggers": {
              "updated_at": "2023-06-22T23:34:51Z"
            }
          },
          "sensitive_attributes": []
        }
      ]
    }
  ],
  "check_results": null
}
