{
  "version": 4,
  "terraform_version": "1.5.0",
  "serial": 65,
  "lineage": "6ae0f050-08ad-3d9f-ff68-4da74fae0e72",
  "outputs": {},
  "resources": [
    {
      "mode": "data",
      "type": "archive_file",
      "name": "reddit-consumer",
      "provider": "provider[\"registry.terraform.io/hashicorp/archive\"]",
      "instances": [
        {
          "schema_version": 0,
          "attributes": {
            "exclude_symlink_directories": null,
            "excludes": null,
            "id": "132c7ac38f9371f8a23d5d04838384111928bc3d",
            "output_base64sha256": "YWyhQo4to17REatnLKENY/RK7KKTHQSxtZqqmUAr5Ak=",
            "output_base64sha512": "6mk2Jcu0Gr+RGr4gNSkrQSf3rFxwwoDHJjdKXXmDisrugH7BsBpAgborAQcswr+D5RCeZzZROr1W9r0QnsXKXw==",
            "output_file_mode": null,
            "output_md5": "1d670d3a5b629c3cb8afec159d285279",
            "output_path": "./.terraform/archive_files/reddit-consumer-function.zip",
            "output_sha": "132c7ac38f9371f8a23d5d04838384111928bc3d",
            "output_sha256": "616ca1428e2da35ed111ab672ca10d63f44aeca2931d04b1b59aaa99402be409",
            "output_sha512": "ea693625cbb41abf911abe2035292b4127f7ac5c70c280c726374a5d79838acaee807ec1b01a4081ba2b01072cc2bf83e5109e6736513abd56f6bd109ec5ca5f",
            "output_size": 1449,
            "source": [],
            "source_content": null,
            "source_content_filename": null,
            "source_dir": "reddit-consumer/",
            "source_file": null,
            "type": "zip"
          },
          "sensitive_attributes": []
        }
      ]
    },
    {
      "mode": "data",
      "type": "archive_file",
      "name": "reddit-producer",
      "provider": "provider[\"registry.terraform.io/hashicorp/archive\"]",
      "instances": [
        {
          "schema_version": 0,
          "attributes": {
            "exclude_symlink_directories": null,
            "excludes": null,
            "id": "d16886704624571e34793c9ea91f754297f85eb4",
            "output_base64sha256": "Ccfy5ZODLhg3cFF6Am7tVyfywxDaahFu2xw6o/rOfFE=",
            "output_base64sha512": "JzGHB52NXVo2hgz/j10EDlqSv2dAMiWJHHtDiT2FWOvNXy2cnNnw9Vo6mWMcXhlREfW8Hfk3GmPbdxVKUntn7A==",
            "output_file_mode": null,
            "output_md5": "b37465bcc3dea1158936aef348aaad25",
            "output_path": "./reddit-producer/reddit-producer.zip",
            "output_sha": "d16886704624571e34793c9ea91f754297f85eb4",
            "output_sha256": "09c7f2e593832e183770517a026eed5727f2c310da6a116edb1c3aa3face7c51",
            "output_sha512": "273187079d8d5d5a36860cff8f5d040e5a92bf67403225891c7b43893d8558ebcd5f2d9c9cd9f0f55a3a99631c5e195111f5bc1df9371a63db77154a527b67ec",
            "output_size": 1568,
            "source": [],
            "source_content": null,
            "source_content_filename": null,
            "source_dir": "./reddit-producer/",
            "source_file": null,
            "type": "zip"
          },
          "sensitive_attributes": []
        }
      ]
    },
    {
      "mode": "managed",
      "type": "aws_dynamodb_table",
      "name": "reddit-sentiment-db",
      "provider": "provider[\"registry.terraform.io/hashicorp/aws\"]",
      "instances": [
        {
          "schema_version": 1,
          "attributes": {
            "arn": "arn:aws:dynamodb:us-west-2:447400660620:table/reddit-sentiment",
            "attribute": [
              {
                "name": "date",
                "type": "S"
              }
            ],
            "billing_mode": "PROVISIONED",
            "deletion_protection_enabled": false,
            "global_secondary_index": [],
            "hash_key": "date",
            "id": "reddit-sentiment",
            "local_secondary_index": [],
            "name": "reddit-sentiment",
            "point_in_time_recovery": [
              {
                "enabled": false
              }
            ],
            "range_key": null,
            "read_capacity": 25,
            "replica": [],
            "restore_date_time": null,
            "restore_source_name": null,
            "restore_to_latest_time": null,
            "server_side_encryption": [],
            "stream_arn": "",
            "stream_enabled": false,
            "stream_label": "",
            "stream_view_type": "",
            "table_class": "STANDARD",
            "tags": {},
            "tags_all": {},
            "timeouts": null,
            "ttl": [
              {
                "attribute_name": "",
                "enabled": false
              }
            ],
            "write_capacity": 25
          },
          "sensitive_attributes": [],
          "private": "eyJlMmJmYjczMC1lY2FhLTExZTYtOGY4OC0zNDM2M2JjN2M0YzAiOnsiY3JlYXRlIjoxODAwMDAwMDAwMDAwLCJkZWxldGUiOjYwMDAwMDAwMDAwMCwidXBkYXRlIjozNjAwMDAwMDAwMDAwfSwic2NoZW1hX3ZlcnNpb24iOiIxIn0="
        }
      ]
    },
    {
      "mode": "managed",
      "type": "aws_iam_instance_profile",
      "name": "ec2-profile-reddit-producer-role",
      "provider": "provider[\"registry.terraform.io/hashicorp/aws\"]",
      "instances": [
        {
          "schema_version": 0,
          "attributes": {
            "arn": "arn:aws:iam::447400660620:instance-profile/ec2-profile-reddit-producer-role",
            "create_date": "2023-06-23T19:19:48Z",
            "id": "ec2-profile-reddit-producer-role",
            "name": "ec2-profile-reddit-producer-role",
            "name_prefix": "",
            "path": "/",
            "role": "reddit-producer-role",
            "tags": {},
            "tags_all": {},
            "unique_id": "AIPAWQKZIJ2GKISLR7XAE"
          },
          "sensitive_attributes": [],
          "private": "bnVsbA==",
          "dependencies": [
            "aws_iam_role.reddit-producer-role"
          ]
        }
      ]
    },
    {
      "mode": "managed",
      "type": "aws_iam_policy",
      "name": "reddit-consumer-policy",
      "provider": "provider[\"registry.terraform.io/hashicorp/aws\"]",
      "instances": [
        {
          "schema_version": 0,
          "attributes": {
            "arn": "arn:aws:iam::447400660620:policy/reddit-consumer-policy",
            "description": "",
            "id": "arn:aws:iam::447400660620:policy/reddit-consumer-policy",
            "name": "reddit-consumer-policy",
            "name_prefix": "",
            "path": "/",
            "policy": "{\"Statement\":[{\"Action\":[\"logs:CreateLogGroup\",\"logs:CreateLogStream\",\"logs:PutLogEvents\"],\"Effect\":\"Allow\",\"Resource\":[\"arn:aws:logs:*:*:*\"]},{\"Action\":[\"comprehend:DetectSentiment\"],\"Effect\":\"Allow\",\"Resource\":[\"*\"]},{\"Action\":[\"dynamodb:UpdateItem\"],\"Effect\":\"Allow\",\"Resource\":[\"arn:aws:dynamodb:us-west-2:447400660620:table/reddit-sentiment\"]}],\"Version\":\"2012-10-17\"}",
            "policy_id": "ANPAWQKZIJ2GAYOZX43HR",
            "tags": {},
            "tags_all": {}
          },
          "sensitive_attributes": [],
          "private": "bnVsbA==",
          "dependencies": [
            "aws_dynamodb_table.reddit-sentiment-db"
          ]
        }
      ]
    },
    {
      "mode": "managed",
      "type": "aws_iam_policy",
      "name": "reddit-producer-policy",
      "provider": "provider[\"registry.terraform.io/hashicorp/aws\"]",
      "instances": [
        {
          "schema_version": 0,
          "attributes": {
            "arn": "arn:aws:iam::447400660620:policy/reddit-producer-policy",
            "description": "",
            "id": "arn:aws:iam::447400660620:policy/reddit-producer-policy",
            "name": "reddit-producer-policy",
            "name_prefix": "",
            "path": "/",
            "policy": "{\"Statement\":[{\"Action\":[\"s3:GetObject\",\"s3:ListBucket\"],\"Effect\":\"Allow\",\"Resource\":[\"arn:aws:s3:::reddit-producer\",\"arn:aws:s3:::reddit-producer/*\"]}],\"Version\":\"2012-10-17\"}",
            "policy_id": "ANPAWQKZIJ2GJ3R6Q7P4V",
            "tags": {},
            "tags_all": {}
          },
          "sensitive_attributes": [],
          "private": "bnVsbA==",
          "dependencies": [
            "aws_s3_bucket.reddit-producer"
          ]
        }
      ]
    },
    {
      "mode": "managed",
      "type": "aws_iam_role",
      "name": "reddit-consumer-role",
      "provider": "provider[\"registry.terraform.io/hashicorp/aws\"]",
      "instances": [
        {
          "schema_version": 0,
          "attributes": {
            "arn": "arn:aws:iam::447400660620:role/reddit-consumer-role",
            "assume_role_policy": "{\"Statement\":[{\"Action\":\"sts:AssumeRole\",\"Effect\":\"Allow\",\"Principal\":{\"Service\":\"lambda.amazonaws.com\"}}],\"Version\":\"2012-10-17\"}",
            "create_date": "2023-06-22T17:35:17Z",
            "description": "",
            "force_detach_policies": false,
            "id": "reddit-consumer-role",
            "inline_policy": [],
            "managed_policy_arns": [
              "arn:aws:iam::447400660620:policy/reddit-consumer-policy"
            ],
            "max_session_duration": 3600,
            "name": "reddit-consumer-role",
            "name_prefix": "",
            "path": "/",
            "permissions_boundary": null,
            "tags": {},
            "tags_all": {},
            "unique_id": "AROAWQKZIJ2GDQKV4ECSZ"
          },
          "sensitive_attributes": [],
          "private": "bnVsbA=="
        }
      ]
    },
    {
      "mode": "managed",
      "type": "aws_iam_role",
      "name": "reddit-producer-role",
      "provider": "provider[\"registry.terraform.io/hashicorp/aws\"]",
      "instances": [
        {
          "schema_version": 0,
          "attributes": {
            "arn": "arn:aws:iam::447400660620:role/reddit-producer-role",
            "assume_role_policy": "{\"Statement\":[{\"Action\":\"sts:AssumeRole\",\"Effect\":\"Allow\",\"Principal\":{\"Service\":\"ec2.amazonaws.com\"}}],\"Version\":\"2012-10-17\"}",
            "create_date": "2023-06-23T19:19:47Z",
            "description": "",
            "force_detach_policies": false,
            "id": "reddit-producer-role",
            "inline_policy": [],
            "managed_policy_arns": [
              "arn:aws:iam::447400660620:policy/reddit-producer-policy"
            ],
            "max_session_duration": 3600,
            "name": "reddit-producer-role",
            "name_prefix": "",
            "path": "/",
            "permissions_boundary": null,
            "tags": {},
            "tags_all": {},
            "unique_id": "AROAWQKZIJ2GFXOH7T4U7"
          },
          "sensitive_attributes": [],
          "private": "bnVsbA=="
        }
      ]
    },
    {
      "mode": "managed",
      "type": "aws_iam_role_policy_attachment",
      "name": "reddit-consumer",
      "provider": "provider[\"registry.terraform.io/hashicorp/aws\"]",
      "instances": [
        {
          "schema_version": 0,
          "attributes": {
            "id": "reddit-consumer-role-20230622173518903800000001",
            "policy_arn": "arn:aws:iam::447400660620:policy/reddit-consumer-policy",
            "role": "reddit-consumer-role"
          },
          "sensitive_attributes": [],
          "private": "bnVsbA==",
          "dependencies": [
            "aws_dynamodb_table.reddit-sentiment-db",
            "aws_iam_policy.reddit-consumer-policy",
            "aws_iam_role.reddit-consumer-role"
          ]
        }
      ]
    },
    {
      "mode": "managed",
      "type": "aws_iam_role_policy_attachment",
      "name": "reddit-producer",
      "provider": "provider[\"registry.terraform.io/hashicorp/aws\"]",
      "instances": [
        {
          "schema_version": 0,
          "attributes": {
            "id": "reddit-producer-role-20230623192007395400000002",
            "policy_arn": "arn:aws:iam::447400660620:policy/reddit-producer-policy",
            "role": "reddit-producer-role"
          },
          "sensitive_attributes": [],
          "private": "bnVsbA==",
          "dependencies": [
            "aws_iam_policy.reddit-producer-policy",
            "aws_iam_role.reddit-producer-role",
            "aws_s3_bucket.reddit-producer"
          ]
        }
      ]
    },
    {
      "mode": "managed",
      "type": "aws_instance",
      "name": "reddit-producer",
      "provider": "provider[\"registry.terraform.io/hashicorp/aws\"]",
      "instances": [
        {
          "schema_version": 1,
          "attributes": {
            "ami": "ami-0c65adc9a5c1b5d7c",
            "arn": "arn:aws:ec2:us-west-2:447400660620:instance/i-0e7471d657e160083",
            "associate_public_ip_address": true,
            "availability_zone": "us-west-2a",
            "capacity_reservation_specification": [
              {
                "capacity_reservation_preference": "open",
                "capacity_reservation_target": []
              }
            ],
            "cpu_core_count": 1,
            "cpu_options": [
              {
                "amd_sev_snp": "",
                "core_count": 1,
                "threads_per_core": 1
              }
            ],
            "cpu_threads_per_core": 1,
            "credit_specification": [
              {
                "cpu_credits": "standard"
              }
            ],
            "disable_api_stop": false,
            "disable_api_termination": false,
            "ebs_block_device": [],
            "ebs_optimized": false,
            "enclave_options": [
              {
                "enabled": false
              }
            ],
            "ephemeral_block_device": [],
            "get_password_data": false,
            "hibernation": false,
            "host_id": "",
            "host_resource_group_arn": null,
            "iam_instance_profile": "ec2-profile-reddit-producer-role",
            "id": "i-0e7471d657e160083",
            "instance_initiated_shutdown_behavior": "stop",
            "instance_lifecycle": "",
            "instance_market_options": [],
            "instance_state": "running",
            "instance_type": "t2.micro",
            "ipv6_address_count": 0,
            "ipv6_addresses": [],
            "key_name": "reddit-producer",
            "launch_template": [],
            "maintenance_options": [
              {
                "auto_recovery": "default"
              }
            ],
            "metadata_options": [
              {
                "http_endpoint": "enabled",
                "http_put_response_hop_limit": 1,
                "http_tokens": "optional",
                "instance_metadata_tags": "disabled"
              }
            ],
            "monitoring": false,
            "network_interface": [],
            "outpost_arn": "",
            "password_data": "",
            "placement_group": "",
            "placement_partition_number": 0,
            "primary_network_interface_id": "eni-0a8ab1b4e731a226b",
            "private_dns": "ip-172-31-25-84.us-west-2.compute.internal",
            "private_dns_name_options": [
              {
                "enable_resource_name_dns_a_record": false,
                "enable_resource_name_dns_aaaa_record": false,
                "hostname_type": "ip-name"
              }
            ],
            "private_ip": "172.31.25.84",
            "public_dns": "ec2-34-221-181-15.us-west-2.compute.amazonaws.com",
            "public_ip": "34.221.181.15",
            "root_block_device": [
              {
                "delete_on_termination": true,
                "device_name": "/dev/sda1",
                "encrypted": false,
                "iops": 100,
                "kms_key_id": "",
                "tags": null,
                "throughput": 0,
                "volume_id": "vol-0c889ef13f2f89f56",
                "volume_size": 8,
                "volume_type": "gp2"
              }
            ],
            "secondary_private_ips": [],
            "security_groups": [
              "reddit-producer"
            ],
            "source_dest_check": true,
            "spot_instance_request_id": "",
            "subnet_id": "subnet-01583c3134a7307be",
            "tags": {
              "Name": "reddit-producer"
            },
            "tags_all": {
              "Name": "reddit-producer"
            },
            "tenancy": "default",
            "timeouts": null,
            "user_data": "e9400412671c17eaec0a2cf89efffe4a2d449803",
            "user_data_base64": null,
            "user_data_replace_on_change": false,
            "volume_tags": null,
            "vpc_security_group_ids": [
              "sg-0ca66234428deb3ab"
            ]
          },
          "sensitive_attributes": [],
          "private": "eyJlMmJmYjczMC1lY2FhLTExZTYtOGY4OC0zNDM2M2JjN2M0YzAiOnsiY3JlYXRlIjo2MDAwMDAwMDAwMDAsImRlbGV0ZSI6MTIwMDAwMDAwMDAwMCwidXBkYXRlIjo2MDAwMDAwMDAwMDB9LCJzY2hlbWFfdmVyc2lvbiI6IjEifQ==",
          "dependencies": [
            "aws_iam_instance_profile.ec2-profile-reddit-producer-role",
            "aws_s3_object.reddit-producer",
            "aws_security_group.reddit-producer"
          ]
        }
      ]
    },
    {
      "mode": "managed",
      "type": "aws_lambda_function",
      "name": "reddit-consumer",
      "provider": "provider[\"registry.terraform.io/hashicorp/aws\"]",
      "instances": [
        {
          "schema_version": 0,
          "attributes": {
            "architectures": [
              "x86_64"
            ],
            "arn": "arn:aws:lambda:us-west-2:447400660620:function:reddit-consumer",
            "code_signing_config_arn": "",
            "dead_letter_config": [],
            "description": "",
            "environment": [],
            "ephemeral_storage": [
              {
                "size": 512
              }
            ],
            "file_system_config": [],
            "filename": "./.terraform/archive_files/reddit-consumer-function.zip",
            "function_name": "reddit-consumer",
            "handler": "index.handler",
            "id": "reddit-consumer",
            "image_config": [],
            "image_uri": "",
            "invoke_arn": "arn:aws:apigateway:us-west-2:lambda:path/2015-03-31/functions/arn:aws:lambda:us-west-2:447400660620:function:reddit-consumer/invocations",
            "kms_key_arn": "",
            "last_modified": "2023-06-23T04:10:42.000+0000",
            "layers": [],
            "memory_size": 128,
            "package_type": "Zip",
            "publish": false,
            "qualified_arn": "arn:aws:lambda:us-west-2:447400660620:function:reddit-consumer:$LATEST",
            "qualified_invoke_arn": "arn:aws:apigateway:us-west-2:lambda:path/2015-03-31/functions/arn:aws:lambda:us-west-2:447400660620:function:reddit-consumer:$LATEST/invocations",
            "replace_security_groups_on_destroy": null,
            "replacement_security_group_ids": null,
            "reserved_concurrent_executions": -1,
            "role": "arn:aws:iam::447400660620:role/reddit-consumer-role",
            "runtime": "nodejs18.x",
            "s3_bucket": null,
            "s3_key": null,
            "s3_object_version": null,
            "signing_job_arn": "",
            "signing_profile_version_arn": "",
            "skip_destroy": false,
            "snap_start": [],
            "source_code_hash": "Ckes9mIJkXhLegaB0TAsAvsAjSbU76f3/0wX7MIgeKQ=",
            "source_code_size": 1393,
            "tags": {},
            "tags_all": {},
            "timeout": 3,
            "timeouts": null,
            "tracing_config": [
              {
                "mode": "PassThrough"
              }
            ],
            "version": "$LATEST",
            "vpc_config": []
          },
          "sensitive_attributes": [],
          "private": "eyJlMmJmYjczMC1lY2FhLTExZTYtOGY4OC0zNDM2M2JjN2M0YzAiOnsiY3JlYXRlIjo2MDAwMDAwMDAwMDAsImRlbGV0ZSI6NjAwMDAwMDAwMDAwLCJ1cGRhdGUiOjYwMDAwMDAwMDAwMH19",
          "dependencies": [
            "aws_iam_role.reddit-consumer-role"
          ]
        }
      ]
    },
    {
      "mode": "managed",
      "type": "aws_s3_bucket",
      "name": "reddit-producer",
      "provider": "provider[\"registry.terraform.io/hashicorp/aws\"]",
      "instances": [
        {
          "schema_version": 0,
          "attributes": {
            "acceleration_status": "",
            "acl": null,
            "arn": "arn:aws:s3:::reddit-producer",
            "bucket": "reddit-producer",
            "bucket_domain_name": "reddit-producer.s3.amazonaws.com",
            "bucket_prefix": "",
            "bucket_regional_domain_name": "reddit-producer.s3.us-west-2.amazonaws.com",
            "cors_rule": [],
            "force_destroy": false,
            "grant": [
              {
                "id": "5d7e7f055d029e1c61b641d4d79d774b26bbc87595b579ff778de49a09eecd43",
                "permissions": [
                  "FULL_CONTROL"
                ],
                "type": "CanonicalUser",
                "uri": ""
              }
            ],
            "hosted_zone_id": "Z3BJ6K6RIION7M",
            "id": "reddit-producer",
            "lifecycle_rule": [],
            "logging": [],
            "object_lock_configuration": [],
            "object_lock_enabled": false,
            "policy": "",
            "region": "us-west-2",
            "replication_configuration": [],
            "request_payer": "BucketOwner",
            "server_side_encryption_configuration": [
              {
                "rule": [
                  {
                    "apply_server_side_encryption_by_default": [
                      {
                        "kms_master_key_id": "",
                        "sse_algorithm": "AES256"
                      }
                    ],
                    "bucket_key_enabled": false
                  }
                ]
              }
            ],
            "tags": {},
            "tags_all": {},
            "timeouts": null,
            "versioning": [
              {
                "enabled": false,
                "mfa_delete": false
              }
            ],
            "website": [],
            "website_domain": null,
            "website_endpoint": null
          },
          "sensitive_attributes": [],
          "private": "eyJlMmJmYjczMC1lY2FhLTExZTYtOGY4OC0zNDM2M2JjN2M0YzAiOnsiY3JlYXRlIjoxMjAwMDAwMDAwMDAwLCJkZWxldGUiOjM2MDAwMDAwMDAwMDAsInJlYWQiOjEyMDAwMDAwMDAwMDAsInVwZGF0ZSI6MTIwMDAwMDAwMDAwMH19"
        }
      ]
    },
    {
      "mode": "managed",
      "type": "aws_s3_object",
      "name": "reddit-producer",
      "provider": "provider[\"registry.terraform.io/hashicorp/aws\"]",
      "instances": [
        {
          "schema_version": 0,
          "attributes": {
            "acl": null,
            "bucket": "reddit-producer",
            "bucket_key_enabled": false,
            "cache_control": "",
            "content": null,
            "content_base64": null,
            "content_disposition": "",
            "content_encoding": "",
            "content_language": "",
            "content_type": "binary/octet-stream",
            "etag": "b37465bcc3dea1158936aef348aaad25",
            "force_destroy": false,
            "id": "reddit-producer.zip",
            "key": "reddit-producer.zip",
            "kms_key_id": null,
            "metadata": {},
            "object_lock_legal_hold_status": "",
            "object_lock_mode": "",
            "object_lock_retain_until_date": "",
            "server_side_encryption": "AES256",
            "source": "./reddit-producer/reddit-producer.zip",
            "source_hash": "b37465bcc3dea1158936aef348aaad25",
            "storage_class": "STANDARD",
            "tags": {},
            "tags_all": {},
            "version_id": "",
            "website_redirect": ""
          },
          "sensitive_attributes": [],
          "private": "bnVsbA==",
          "dependencies": [
            "aws_s3_bucket.reddit-producer",
            "data.archive_file.reddit-producer"
          ]
        }
      ]
    },
    {
      "mode": "managed",
      "type": "aws_security_group",
      "name": "reddit-producer",
      "provider": "provider[\"registry.terraform.io/hashicorp/aws\"]",
      "instances": [
        {
          "schema_version": 1,
          "attributes": {
            "arn": "arn:aws:ec2:us-west-2:447400660620:security-group/sg-0ca66234428deb3ab",
            "description": "Allow SSH traffic via Terraform",
            "egress": [
              {
                "cidr_blocks": [
                  "0.0.0.0/0"
                ],
                "description": "",
                "from_port": 0,
                "ipv6_cidr_blocks": [],
                "prefix_list_ids": [],
                "protocol": "-1",
                "security_groups": [],
                "self": false,
                "to_port": 0
              }
            ],
            "id": "sg-0ca66234428deb3ab",
            "ingress": [
              {
                "cidr_blocks": [
                  "0.0.0.0/0"
                ],
                "description": "",
                "from_port": 22,
                "ipv6_cidr_blocks": [],
                "prefix_list_ids": [],
                "protocol": "tcp",
                "security_groups": [],
                "self": false,
                "to_port": 22
              }
            ],
            "name": "reddit-producer",
            "name_prefix": "",
            "owner_id": "447400660620",
            "revoke_rules_on_delete": false,
            "tags": {},
            "tags_all": {},
            "timeouts": null,
            "vpc_id": "vpc-01f3bc947221da38f"
          },
          "sensitive_attributes": [],
          "private": "eyJlMmJmYjczMC1lY2FhLTExZTYtOGY4OC0zNDM2M2JjN2M0YzAiOnsiY3JlYXRlIjo2MDAwMDAwMDAwMDAsImRlbGV0ZSI6OTAwMDAwMDAwMDAwfSwic2NoZW1hX3ZlcnNpb24iOiIxIn0="
        }
      ]
    },
    {
      "mode": "managed",
      "type": "null_resource",
      "name": "reddit-consumer",
      "provider": "provider[\"registry.terraform.io/hashicorp/null\"]",
      "instances": [
        {
          "schema_version": 0,
          "attributes": {
            "id": "6027939503258501503",
            "triggers": {
              "updated_at": "2023-06-23T22:18:35Z"
            }
          },
          "sensitive_attributes": []
        }
      ]
    }
  ],
  "check_results": null
}
